
Microsoft Visual Studio Solution File, Format Version 12.00
# Visual Studio Version 17
VisualStudioVersion = 17.3.32819.101
MinimumVisualStudioVersion = 10.0.40219.1
Project("{9A19103F-16F7-4668-BE54-9A1E7A4F7556}") = "SSDK.AI", "..\..\SSDK.AI\SSDK.AI\SSDK.AI.csproj", "{8156A9CD-6083-43DA-9CC0-019D65DA1479}"
EndProject
Project("{FAE04EC0-301F-11D3-BF4B-00C04F79EFBC}") = "CrossWordLib", "CrossWordLib\CrossWordLib.csproj", "{A09A3BDD-E182-46CD-B7FD-2155BDD277DE}"
EndProject
Global
	GlobalSection(SolutionConfigurationPlatforms) = preSolution
		Debug|Any CPU = Debug|Any CPU
		Release|Any CPU = Release|Any CPU
	EndGlobalSection
	GlobalSection(ProjectConfigurationPlatforms) = postSolution
		{8156A9CD-6083-43DA-9CC0-019D65DA1479}.Debug|Any CPU.ActiveCfg = Debug|Any CPU
		{8156A9CD-6083-43DA-9CC0-019D65DA1479}.Debug|Any CPU.Build.0 = Debug|Any CPU
		{8156A9CD-6083-43DA-9CC0-019D65DA1479}.Release|Any CPU.ActiveCfg = Release|Any CPU
		{8156A9CD-6083-43DA-9CC0-019D65DA1479}.Release|Any CPU.Build.0 = Release|Any CPU
		{A09A3BDD-E182-46CD-B7FD-2155BDD277DE}.Debug|Any CPU.ActiveCfg = Debug|Any CPU
		{A09A3BDD-E182-46CD-B7FD-2155BDD277DE}.Debug|Any CPU.Build.0 = Debug|Any CPU
		{A09A3BDD-E182-46CD-B7FD-2155BDD277DE}.Release|Any CPU.ActiveCfg = Release|Any CPU
		{A09A3BDD-E182-46CD-B7FD-2155BDD277DE}.Release|Any CPU.Build.0 = Release|Any CPU
	EndGlobalSection
	GlobalSection(SolutionProperties) = preSolution
		HideSolutionNode = FALSE
	EndGlobalSection
	GlobalSection(ExtensibilityGlobals) = postSolution
		SolutionGuid = {82E38907-1822-4E8C-8BF3-3B191064FBD4}
	EndGlobalSection
EndGlobal
